// !$*UTF8*$!
{
	archiveVersion = 1;
	classes = {
	};
	objectVersion = 46;
	objects = {

/* Begin PBXBuildFile section */
		652EEBF71C51434F0025BE78 /* AppDelegate.swift in Sources */ = {isa = PBXBuildFile; fileRef = 652EEBF61C51434F0025BE78 /* AppDelegate.swift */; };
		652EEBFC1C51434F0025BE78 /* Main.storyboard in Resources */ = {isa = PBXBuildFile; fileRef = 652EEBFA1C51434F0025BE78 /* Main.storyboard */; };
		652EEBFE1C51434F0025BE78 /* Assets.xcassets in Resources */ = {isa = PBXBuildFile; fileRef = 652EEBFD1C51434F0025BE78 /* Assets.xcassets */; };
		652EEC011C51434F0025BE78 /* LaunchScreen.storyboard in Resources */ = {isa = PBXBuildFile; fileRef = 652EEBFF1C51434F0025BE78 /* LaunchScreen.storyboard */; };
		652EEC261C5143CF0025BE78 /* Books.plist in Resources */ = {isa = PBXBuildFile; fileRef = 652EEC091C5143CF0025BE78 /* Books.plist */; };
		652EEC271C5143CF0025BE78 /* angels-demons.jpg in Resources */ = {isa = PBXBuildFile; fileRef = 652EEC0B1C5143CF0025BE78 /* angels-demons.jpg */; };
		652EEC281C5143CF0025BE78 /* azkaban.jpg in Resources */ = {isa = PBXBuildFile; fileRef = 652EEC0C1C5143CF0025BE78 /* azkaban.jpg */; };
		652EEC291C5143CF0025BE78 /* background.jpg in Resources */ = {isa = PBXBuildFile; fileRef = 652EEC0D1C5143CF0025BE78 /* background.jpg */; };
		652EEC2A1C5143CF0025BE78 /* bard.jpg in Resources */ = {isa = PBXBuildFile; fileRef = 652EEC0E1C5143CF0025BE78 /* bard.jpg */; };
		652EEC2B1C5143CF0025BE78 /* bilbo-song.png in Resources */ = {isa = PBXBuildFile; fileRef = 652EEC0F1C5143CF0025BE78 /* bilbo-song.png */; };
		652EEC2C1C5143CF0025BE78 /* blindsight.png in Resources */ = {isa = PBXBuildFile; fileRef = 652EEC101C5143CF0025BE78 /* blindsight.png */; };
		652EEC2D1C5143CF0025BE78 /* brain.jpg in Resources */ = {isa = PBXBuildFile; fileRef = 652EEC111C5143CF0025BE78 /* brain.jpg */; };
		652EEC2E1C5143CF0025BE78 /* chamber.jpg in Resources */ = {isa = PBXBuildFile; fileRef = 652EEC121C5143CF0025BE78 /* chamber.jpg */; };
		652EEC2F1C5143CF0025BE78 /* da-vinci-code.jpg in Resources */ = {isa = PBXBuildFile; fileRef = 652EEC131C5143CF0025BE78 /* da-vinci-code.jpg */; };
		652EEC301C5143CF0025BE78 /* deception-point.jpg in Resources */ = {isa = PBXBuildFile; fileRef = 652EEC141C5143CF0025BE78 /* deception-point.jpg */; };
		652EEC311C5143CF0025BE78 /* digital-fortress.jpg in Resources */ = {isa = PBXBuildFile; fileRef = 652EEC151C5143CF0025BE78 /* digital-fortress.jpg */; };
		652EEC321C5143CF0025BE78 /* fatal-cure.jpeg in Resources */ = {isa = PBXBuildFile; fileRef = 652EEC161C5143CF0025BE78 /* fatal-cure.jpeg */; };
		652EEC331C5143CF0025BE78 /* fellowship.jpg in Resources */ = {isa = PBXBuildFile; fileRef = 652EEC171C5143CF0025BE78 /* fellowship.jpg */; };
		652EEC341C5143CF0025BE78 /* fever.jpg in Resources */ = {isa = PBXBuildFile; fileRef = 652EEC181C5143CF0025BE78 /* fever.jpg */; };
		652EEC351C5143CF0025BE78 /* goblet.jpg in Resources */ = {isa = PBXBuildFile; fileRef = 652EEC191C5143CF0025BE78 /* goblet.jpg */; };
		652EEC361C5143CF0025BE78 /* hallows.jpg in Resources */ = {isa = PBXBuildFile; fileRef = 652EEC1A1C5143CF0025BE78 /* hallows.jpg */; };
		652EEC371C5143CF0025BE78 /* intervention.jpg in Resources */ = {isa = PBXBuildFile; fileRef = 652EEC1B1C5143CF0025BE78 /* intervention.jpg */; };
		652EEC381C5143CF0025BE78 /* invasion.jpg in Resources */ = {isa = PBXBuildFile; fileRef = 652EEC1C1C5143CF0025BE78 /* invasion.jpg */; };
		652EEC391C5143CF0025BE78 /* lost-symbol.jpg in Resources */ = {isa = PBXBuildFile; fileRef = 652EEC1D1C5143CF0025BE78 /* lost-symbol.jpg */; };
		652EEC3A1C5143CF0025BE78 /* phoenix.jpg in Resources */ = {isa = PBXBuildFile; fileRef = 652EEC1E1C5143CF0025BE78 /* phoenix.jpg */; };
		652EEC3B1C5143CF0025BE78 /* prince.jpg in Resources */ = {isa = PBXBuildFile; fileRef = 652EEC1F1C5143CF0025BE78 /* prince.jpg */; };
		652EEC3C1C5143CF0025BE78 /* return-king.jpg in Resources */ = {isa = PBXBuildFile; fileRef = 652EEC201C5143CF0025BE78 /* return-king.jpg */; };
		652EEC3D1C5143CF0025BE78 /* shock.jpg in Resources */ = {isa = PBXBuildFile; fileRef = 652EEC211C5143CF0025BE78 /* shock.jpg */; };
		652EEC3E1C5143CF0025BE78 /* sphinx.jpeg in Resources */ = {isa = PBXBuildFile; fileRef = 652EEC221C5143CF0025BE78 /* sphinx.jpeg */; };
		652EEC3F1C5143CF0025BE78 /* stone.jpg in Resources */ = {isa = PBXBuildFile; fileRef = 652EEC231C5143CF0025BE78 /* stone.jpg */; };
		652EEC401C5143CF0025BE78 /* the-hobbit.jpg in Resources */ = {isa = PBXBuildFile; fileRef = 652EEC241C5143CF0025BE78 /* the-hobbit.jpg */; };
		652EEC411C5143CF0025BE78 /* two-towers.jpg in Resources */ = {isa = PBXBuildFile; fileRef = 652EEC251C5143CF0025BE78 /* two-towers.jpg */; };
		652EEC431C5145AE0025BE78 /* AuthorsTableViewController.swift in Sources */ = {isa = PBXBuildFile; fileRef = 652EEC421C5145AE0025BE78 /* AuthorsTableViewController.swift */; };
/* End PBXBuildFile section */

/* Begin PBXFileReference section */
		652EEBF31C51434F0025BE78 /* Books Library.app */ = {isa = PBXFileReference; explicitFileType = wrapper.application; includeInIndex = 0; path = "Books Library.app"; sourceTree = BUILT_PRODUCTS_DIR; };
		652EEBF61C51434F0025BE78 /* AppDelegate.swift */ = {isa = PBXFileReference; lastKnownFileType = sourcecode.swift; path = AppDelegate.swift; sourceTree = "<group>"; };
		652EEBFB1C51434F0025BE78 /* Base */ = {isa = PBXFileReference; lastKnownFileType = file.storyboard; name = Base; path = Base.lproj/Main.storyboard; sourceTree = "<group>"; };
		652EEBFD1C51434F0025BE78 /* Assets.xcassets */ = {isa = PBXFileReference; lastKnownFileType = folder.assetcatalog; path = Assets.xcassets; sourceTree = "<group>"; };
		652EEC001C51434F0025BE78 /* Base */ = {isa = PBXFileReference; lastKnownFileType = file.storyboard; name = Base; path = Base.lproj/LaunchScreen.storyboard; sourceTree = "<group>"; };
		652EEC021C51434F0025BE78 /* Info.plist */ = {isa = PBXFileReference; lastKnownFileType = text.plist.xml; path = Info.plist; sourceTree = "<group>"; };
		652EEC091C5143CF0025BE78 /* Books.plist */ = {isa = PBXFileReference; fileEncoding = 4; lastKnownFileType = text.plist.xml; path = Books.plist; sourceTree = "<group>"; };
		652EEC0B1C5143CF0025BE78 /* angels-demons.jpg */ = {isa = PBXFileReference; lastKnownFileType = image.jpeg; path = "angels-demons.jpg"; sourceTree = "<group>"; };
		652EEC0C1C5143CF0025BE78 /* azkaban.jpg */ = {isa = PBXFileReference; lastKnownFileType = image.jpeg; path = azkaban.jpg; sourceTree = "<group>"; };
		652EEC0D1C5143CF0025BE78 /* background.jpg */ = {isa = PBXFileReference; lastKnownFileType = image.jpeg; path = background.jpg; sourceTree = "<group>"; };
		652EEC0E1C5143CF0025BE78 /* bard.jpg */ = {isa = PBXFileReference; lastKnownFileType = image.jpeg; path = bard.jpg; sourceTree = "<group>"; };
		652EEC0F1C5143CF0025BE78 /* bilbo-song.png */ = {isa = PBXFileReference; lastKnownFileType = image.png; path = "bilbo-song.png"; sourceTree = "<group>"; };
		652EEC101C5143CF0025BE78 /* blindsight.png */ = {isa = PBXFileReference; lastKnownFileType = image.png; path = blindsight.png; sourceTree = "<group>"; };
		652EEC111C5143CF0025BE78 /* brain.jpg */ = {isa = PBXFileReference; lastKnownFileType = image.jpeg; path = brain.jpg; sourceTree = "<group>"; };
		652EEC121C5143CF0025BE78 /* chamber.jpg */ = {isa = PBXFileReference; lastKnownFileType = image.jpeg; path = chamber.jpg; sourceTree = "<group>"; };
		652EEC131C5143CF0025BE78 /* da-vinci-code.jpg */ = {isa = PBXFileReference; lastKnownFileType = image.jpeg; path = "da-vinci-code.jpg"; sourceTree = "<group>"; };
		652EEC141C5143CF0025BE78 /* deception-point.jpg */ = {isa = PBXFileReference; lastKnownFileType = image.jpeg; path = "deception-point.jpg"; sourceTree = "<group>"; };
		652EEC151C5143CF0025BE78 /* digital-fortress.jpg */ = {isa = PBXFileReference; lastKnownFileType = image.jpeg; path = "digital-fortress.jpg"; sourceTree = "<group>"; };
		652EEC161C5143CF0025BE78 /* fatal-cure.jpeg */ = {isa = PBXFileReference; lastKnownFileType = image.jpeg; path = "fatal-cure.jpeg"; sourceTree = "<group>"; };
		652EEC171C5143CF0025BE78 /* fellowship.jpg */ = {isa = PBXFileReference; lastKnownFileType = image.jpeg; path = fellowship.jpg; sourceTree = "<group>"; };
		652EEC181C5143CF0025BE78 /* fever.jpg */ = {isa = PBXFileReference; lastKnownFileType = image.jpeg; path = fever.jpg; sourceTree = "<group>"; };
		652EEC191C5143CF0025BE78 /* goblet.jpg */ = {isa = PBXFileReference; lastKnownFileType = image.jpeg; path = goblet.jpg; sourceTree = "<group>"; };
		652EEC1A1C5143CF0025BE78 /* hallows.jpg */ = {isa = PBXFileReference; lastKnownFileType = image.jpeg; path = hallows.jpg; sourceTree = "<group>"; };
		652EEC1B1C5143CF0025BE78 /* intervention.jpg */ = {isa = PBXFileReference; lastKnownFileType = image.jpeg; path = intervention.jpg; sourceTree = "<group>"; };
		652EEC1C1C5143CF0025BE78 /* invasion.jpg */ = {isa = PBXFileReference; lastKnownFileType = image.jpeg; path = invasion.jpg; sourceTree = "<group>"; };
		652EEC1D1C5143CF0025BE78 /* lost-symbol.jpg */ = {isa = PBXFileReference; lastKnownFileType = image.jpeg; path = "lost-symbol.jpg"; sourceTree = "<group>"; };
		652EEC1E1C5143CF0025BE78 /* phoenix.jpg */ = {isa = PBXFileReference; lastKnownFileType = image.jpeg; path = phoenix.jpg; sourceTree = "<group>"; };
		652EEC1F1C5143CF0025BE78 /* prince.jpg */ = {isa = PBXFileReference; lastKnownFileType = image.jpeg; path = prince.jpg; sourceTree = "<group>"; };
		652EEC201C5143CF0025BE78 /* return-king.jpg */ = {isa = PBXFileReference; lastKnownFileType = image.jpeg; path = "return-king.jpg"; sourceTree = "<group>"; };
		652EEC211C5143CF0025BE78 /* shock.jpg */ = {isa = PBXFileReference; lastKnownFileType = image.jpeg; path = shock.jpg; sourceTree = "<group>"; };
		652EEC221C5143CF0025BE78 /* sphinx.jpeg */ = {isa = PBXFileReference; lastKnownFileType = image.jpeg; path = sphinx.jpeg; sourceTree = "<group>"; };
		652EEC231C5143CF0025BE78 /* stone.jpg */ = {isa = PBXFileReference; lastKnownFileType = image.jpeg; path = stone.jpg; sourceTree = "<group>"; };
		652EEC241C5143CF0025BE78 /* the-hobbit.jpg */ = {isa = PBXFileReference; lastKnownFileType = image.jpeg; path = "the-hobbit.jpg"; sourceTree = "<group>"; };
		652EEC251C5143CF0025BE78 /* two-towers.jpg */ = {isa = PBXFileReference; lastKnownFileType = image.jpeg; path = "two-towers.jpg"; sourceTree = "<group>"; };
		652EEC421C5145AE0025BE78 /* AuthorsTableViewController.swift */ = {isa = PBXFileReference; fileEncoding = 4; lastKnownFileType = sourcecode.swift; path = AuthorsTableViewController.swift; sourceTree = "<group>"; };
/* End PBXFileReference section */

/* Begin PBXFrameworksBuildPhase section */
		652EEBF01C51434F0025BE78 /* Frameworks */ = {
			isa = PBXFrameworksBuildPhase;
			buildActionMask = 2147483647;
			files = (
			);
			runOnlyForDeploymentPostprocessing = 0;
		};
/* End PBXFrameworksBuildPhase section */

/* Begin PBXGroup section */
		652EEBEA1C51434F0025BE78 = {
			isa = PBXGroup;
			children = (
				652EEBF51C51434F0025BE78 /* Books Library */,
				652EEBF41C51434F0025BE78 /* Products */,
			);
			sourceTree = "<group>";
		};
		652EEBF41C51434F0025BE78 /* Products */ = {
			isa = PBXGroup;
			children = (
				652EEBF31C51434F0025BE78 /* Books Library.app */,
			);
			name = Products;
			sourceTree = "<group>";
		};
		652EEBF51C51434F0025BE78 /* Books Library */ = {
			isa = PBXGroup;
			children = (
				652EEBF61C51434F0025BE78 /* AppDelegate.swift */,
				652EEC421C5145AE0025BE78 /* AuthorsTableViewController.swift */,
				652EEBFA1C51434F0025BE78 /* Main.storyboard */,
				652EEBFD1C51434F0025BE78 /* Assets.xcassets */,
				652EEBFF1C51434F0025BE78 /* LaunchScreen.storyboard */,
				652EEC021C51434F0025BE78 /* Info.plist */,
				652EEC081C5143CF0025BE78 /* Resources */,
			);
			path = "Books Library";
			sourceTree = "<group>";
		};
		652EEC081C5143CF0025BE78 /* Resources */ = {
			isa = PBXGroup;
			children = (
				652EEC091C5143CF0025BE78 /* Books.plist */,
				652EEC0A1C5143CF0025BE78 /* Images */,
			);
			path = Resources;
			sourceTree = "<group>";
		};
		652EEC0A1C5143CF0025BE78 /* Images */ = {
			isa = PBXGroup;
			children = (
				652EEC0B1C5143CF0025BE78 /* angels-demons.jpg */,
				652EEC0C1C5143CF0025BE78 /* azkaban.jpg */,
				652EEC0D1C5143CF0025BE78 /* background.jpg */,
				652EEC0E1C5143CF0025BE78 /* bard.jpg */,
				652EEC0F1C5143CF0025BE78 /* bilbo-song.png */,
				652EEC101C5143CF0025BE78 /* blindsight.png */,
				652EEC111C5143CF0025BE78 /* brain.jpg */,
				652EEC121C5143CF0025BE78 /* chamber.jpg */,
				652EEC131C5143CF0025BE78 /* da-vinci-code.jpg */,
				652EEC141C5143CF0025BE78 /* deception-point.jpg */,
				652EEC151C5143CF0025BE78 /* digital-fortress.jpg */,
				652EEC161C5143CF0025BE78 /* fatal-cure.jpeg */,
				652EEC171C5143CF0025BE78 /* fellowship.jpg */,
				652EEC181C5143CF0025BE78 /* fever.jpg */,
				652EEC191C5143CF0025BE78 /* goblet.jpg */,
				652EEC1A1C5143CF0025BE78 /* hallows.jpg */,
				652EEC1B1C5143CF0025BE78 /* intervention.jpg */,
				652EEC1C1C5143CF0025BE78 /* invasion.jpg */,
				652EEC1D1C5143CF0025BE78 /* lost-symbol.jpg */,
				652EEC1E1C5143CF0025BE78 /* phoenix.jpg */,
				652EEC1F1C5143CF0025BE78 /* prince.jpg */,
				652EEC201C5143CF0025BE78 /* return-king.jpg */,
				652EEC211C5143CF0025BE78 /* shock.jpg */,
				652EEC221C5143CF0025BE78 /* sphinx.jpeg */,
				652EEC231C5143CF0025BE78 /* stone.jpg */,
				652EEC241C5143CF0025BE78 /* the-hobbit.jpg */,
				652EEC251C5143CF0025BE78 /* two-towers.jpg */,
			);
			path = Images;
			sourceTree = "<group>";
		};
/* End PBXGroup section */

/* Begin PBXNativeTarget section */
		652EEBF21C51434F0025BE78 /* Books Library */ = {
			isa = PBXNativeTarget;
			buildConfigurationList = 652EEC051C51434F0025BE78 /* Build configuration list for PBXNativeTarget "Books Library" */;
			buildPhases = (
				652EEBEF1C51434F0025BE78 /* Sources */,
				652EEBF01C51434F0025BE78 /* Frameworks */,
				652EEBF11C51434F0025BE78 /* Resources */,
			);
			buildRules = (
			);
			dependencies = (
			);
			name = "Books Library";
			productName = "Books Library";
			productReference = 652EEBF31C51434F0025BE78 /* Books Library.app */;
			productType = "com.apple.product-type.application";
		};
/* End PBXNativeTarget section */

/* Begin PBXProject section */
		652EEBEB1C51434F0025BE78 /* Project object */ = {
			isa = PBXProject;
			attributes = {
				LastSwiftUpdateCheck = 0720;
				LastUpgradeCheck = 0720;
				ORGANIZATIONNAME = "Yohannes Wijaya";
				TargetAttributes = {
					652EEBF21C51434F0025BE78 = {
						CreatedOnToolsVersion = 7.2;
						DevelopmentTeam = 4Z5JKF2M6S;
					};
				};
			};
			buildConfigurationList = 652EEBEE1C51434F0025BE78 /* Build configuration list for PBXProject "Books Library" */;
			compatibilityVersion = "Xcode 3.2";
			developmentRegion = English;
			hasScannedForEncodings = 0;
			knownRegions = (
				en,
				Base,
			);
			mainGroup = 652EEBEA1C51434F0025BE78;
			productRefGroup = 652EEBF41C51434F0025BE78 /* Products */;
			projectDirPath = "";
			projectRoot = "";
			targets = (
				652EEBF21C51434F0025BE78 /* Books Library */,
			);
		};
/* End PBXProject section */

/* Begin PBXResourcesBuildPhase section */
		652EEBF11C51434F0025BE78 /* Resources */ = {
			isa = PBXResourcesBuildPhase;
			buildActionMask = 2147483647;
			files = (
				652EEC361C5143CF0025BE78 /* hallows.jpg in Resources */,
				652EEC2E1C5143CF0025BE78 /* chamber.jpg in Resources */,
				652EEC411C5143CF0025BE78 /* two-towers.jpg in Resources */,
				652EEC3C1C5143CF0025BE78 /* return-king.jpg in Resources */,
				652EEC2A1C5143CF0025BE78 /* bard.jpg in Resources */,
				652EEC011C51434F0025BE78 /* LaunchScreen.storyboard in Resources */,
				652EEC3E1C5143CF0025BE78 /* sphinx.jpeg in Resources */,
				652EEC3F1C5143CF0025BE78 /* stone.jpg in Resources */,
				652EEC381C5143CF0025BE78 /* invasion.jpg in Resources */,
				652EEC3A1C5143CF0025BE78 /* phoenix.jpg in Resources */,
				652EEC351C5143CF0025BE78 /* goblet.jpg in Resources */,
				652EEBFE1C51434F0025BE78 /* Assets.xcassets in Resources */,
				652EEC391C5143CF0025BE78 /* lost-symbol.jpg in Resources */,
				652EEC301C5143CF0025BE78 /* deception-point.jpg in Resources */,
				652EEC291C5143CF0025BE78 /* background.jpg in Resources */,
				652EEC2B1C5143CF0025BE78 /* bilbo-song.png in Resources */,
				652EEC3B1C5143CF0025BE78 /* prince.jpg in Resources */,
				652EEC321C5143CF0025BE78 /* fatal-cure.jpeg in Resources */,
				652EEC281C5143CF0025BE78 /* azkaban.jpg in Resources */,
				652EEC271C5143CF0025BE78 /* angels-demons.jpg in Resources */,
				652EEC401C5143CF0025BE78 /* the-hobbit.jpg in Resources */,
				652EEBFC1C51434F0025BE78 /* Main.storyboard in Resources */,
				652EEC331C5143CF0025BE78 /* fellowship.jpg in Resources */,
				652EEC3D1C5143CF0025BE78 /* shock.jpg in Resources */,
				652EEC341C5143CF0025BE78 /* fever.jpg in Resources */,
				652EEC261C5143CF0025BE78 /* Books.plist in Resources */,
				652EEC2F1C5143CF0025BE78 /* da-vinci-code.jpg in Resources */,
				652EEC311C5143CF0025BE78 /* digital-fortress.jpg in Resources */,
				652EEC2D1C5143CF0025BE78 /* brain.jpg in Resources */,
				652EEC371C5143CF0025BE78 /* intervention.jpg in Resources */,
				652EEC2C1C5143CF0025BE78 /* blindsight.png in Resources */,
			);
			runOnlyForDeploymentPostprocessing = 0;
		};
/* End PBXResourcesBuildPhase section */

/* Begin PBXSourcesBuildPhase section */
		652EEBEF1C51434F0025BE78 /* Sources */ = {
			isa = PBXSourcesBuildPhase;
			buildActionMask = 2147483647;
			files = (
				652EEC431C5145AE0025BE78 /* AuthorsTableViewController.swift in Sources */,
				652EEBF71C51434F0025BE78 /* AppDelegate.swift in Sources */,
			);
			runOnlyForDeploymentPostprocessing = 0;
		};
/* End PBXSourcesBuildPhase section */

/* Begin PBXVariantGroup section */
		652EEBFA1C51434F0025BE78 /* Main.storyboard */ = {
			isa = PBXVariantGroup;
			children = (
				652EEBFB1C51434F0025BE78 /* Base */,
			);
			name = Main.storyboard;
			sourceTree = "<group>";
		};
		652EEBFF1C51434F0025BE78 /* LaunchScreen.storyboard */ = {
			isa = PBXVariantGroup;
			children = (
				652EEC001C51434F0025BE78 /* Base */,
			);
			name = LaunchScreen.storyboard;
			sourceTree = "<group>";
		};
/* End PBXVariantGroup section */

/* Begin XCBuildConfiguration section */
		652EEC031C51434F0025BE78 /* Debug */ = {
			isa = XCBuildConfiguration;
			buildSettings = {
				ALWAYS_SEARCH_USER_PATHS = NO;
				CLANG_CXX_LANGUAGE_STANDARD = "gnu++0x";
				CLANG_CXX_LIBRARY = "libc++";
				CLANG_ENABLE_MODULES = YES;
				CLANG_ENABLE_OBJC_ARC = YES;
				CLANG_WARN_BOOL_CONVERSION = YES;
				CLANG_WARN_CONSTANT_CONVERSION = YES;
				CLANG_WARN_DIRECT_OBJC_ISA_USAGE = YES_ERROR;
				CLANG_WARN_EMPTY_BODY = YES;
				CLANG_WARN_ENUM_CONVERSION = YES;
				CLANG_WARN_INT_CONVERSION = YES;
				CLANG_WARN_OBJC_ROOT_CLASS = YES_ERROR;
				CLANG_WARN_UNREACHABLE_CODE = YES;
				CLANG_WARN__DUPLICATE_METHOD_MATCH = YES;
				"CODE_SIGN_IDENTITY[sdk=iphoneos*]" = "iPhone Developer";
				COPY_PHASE_STRIP = NO;
				DEBUG_INFORMATION_FORMAT = dwarf;
				ENABLE_STRICT_OBJC_MSGSEND = YES;
				ENABLE_TESTABILITY = YES;
				GCC_C_LANGUAGE_STANDARD = gnu99;
				GCC_DYNAMIC_NO_PIC = NO;
				GCC_NO_COMMON_BLOCKS = YES;
				GCC_OPTIMIZATION_LEVEL = 0;
				GCC_PREPROCESSOR_DEFINITIONS = (
					"DEBUG=1",
					"$(inherited)",
				);
				GCC_WARN_64_TO_32_BIT_CONVERSION = YES;
				GCC_WARN_ABOUT_RETURN_TYPE = YES_ERROR;
				GCC_WARN_UNDECLARED_SELECTOR = YES;
				GCC_WARN_UNINITIALIZED_AUTOS = YES_AGGRESSIVE;
				GCC_WARN_UNUSED_FUNCTION = YES;
				GCC_WARN_UNUSED_VARIABLE = YES;
				IPHONEOS_DEPLOYMENT_TARGET = 9.2;
				MTL_ENABLE_DEBUG_INFO = YES;
				ONLY_ACTIVE_ARCH = YES;
				SDKROOT = iphoneos;
				SWIFT_OPTIMIZATION_LEVEL = "-Onone";
			};
			name = Debug;
		};
		652EEC041C51434F0025BE78 /* Release */ = {
			isa = XCBuildConfiguration;
			buildSettings = {
				ALWAYS_SEARCH_USER_PATHS = NO;
				CLANG_CXX_LANGUAGE_STANDARD = "gnu++0x";
				CLANG_CXX_LIBRARY = "libc++";
				CLANG_ENABLE_MODULES = YES;
				CLANG_ENABLE_OBJC_ARC = YES;
				CLANG_WARN_BOOL_CONVERSION = YES;
				CLANG_WARN_CONSTANT_CONVERSION = YES;
				CLANG_WARN_DIRECT_OBJC_ISA_USAGE = YES_ERROR;
				CLANG_WARN_EMPTY_BODY = YES;
				CLANG_WARN_ENUM_CONVERSION = YES;
				CLANG_WARN_INT_CONVERSION = YES;
				CLANG_WARN_OBJC_ROOT_CLASS = YES_ERROR;
				CLANG_WARN_UNREACHABLE_CODE = YES;
				CLANG_WARN__DUPLICATE_METHOD_MATCH = YES;
				"CODE_SIGN_IDENTITY[sdk=iphoneos*]" = "iPhone Developer";
				COPY_PHASE_STRIP = NO;
				DEBUG_INFORMATION_FORMAT = "dwarf-with-dsym";
				ENABLE_NS_ASSERTIONS = NO;
				ENABLE_STRICT_OBJC_MSGSEND = YES;
				GCC_C_LANGUAGE_STANDARD = gnu99;
				GCC_NO_COMMON_BLOCKS = YES;
				GCC_WARN_64_TO_32_BIT_CONVERSION = YES;
				GCC_WARN_ABOUT_RETURN_TYPE = YES_ERROR;
				GCC_WARN_UNDECLARED_SELECTOR = YES;
				GCC_WARN_UNINITIALIZED_AUTOS = YES_AGGRESSIVE;
				GCC_WARN_UNUSED_FUNCTION = YES;
				GCC_WARN_UNUSED_VARIABLE = YES;
				IPHONEOS_DEPLOYMENT_TARGET = 9.2;
				MTL_ENABLE_DEBUG_INFO = NO;
				SDKROOT = iphoneos;
				VALIDATE_PRODUCT = YES;
			};
			name = Release;
		};
		652EEC061C51434F0025BE78 /* Debug */ = {
			isa = XCBuildConfiguration;
			buildSettings = {
				ASSETCATALOG_COMPILER_APPICON_NAME = AppIcon;
				INFOPLIST_FILE = "Books Library/Info.plist";
				LD_RUNPATH_SEARCH_PATHS = "$(inherited) @executable_path/Frameworks";
				PRODUCT_BUNDLE_IDENTIFIER = "self.fearless.Books-Library";
				PRODUCT_NAME = "$(TARGET_NAME)";
			};
			name = Debug;
		};
		652EEC071C51434F0025BE78 /* Release */ = {
			isa = XCBuildConfiguration;
			buildSettings = {
				ASSETCATALOG_COMPILER_APPICON_NAME = AppIcon;
				INFOPLIST_FILE = "Books Library/Info.plist";
				LD_RUNPATH_SEARCH_PATHS = "$(inherited) @executable_path/Frameworks";
				PRODUCT_BUNDLE_IDENTIFIER = "self.fearless.Books-Library";
				PRODUCT_NAME = "$(TARGET_NAME)";
			};
			name = Release;
		};
/* End XCBuildConfiguration section */

/* Begin XCConfigurationList section */
		652EEBEE1C51434F0025BE78 /* Build configuration list for PBXProject "Books Library" */ = {
			isa = XCConfigurationList;
			buildConfigurations = (
				652EEC031C51434F0025BE78 /* Debug */,
				652EEC041C51434F0025BE78 /* Release */,
			);
			defaultConfigurationIsVisible = 0;
			defaultConfigurationName = Release;
		};
		652EEC051C51434F0025BE78 /* Build configuration list for PBXNativeTarget "Books Library" */ = {
			isa = XCConfigurationList;
			buildConfigurations = (
				652EEC061C51434F0025BE78 /* Debug */,
				652EEC071C51434F0025BE78 /* Release */,
			);
			defaultConfigurationIsVisible = 0;
			defaultConfigurationName = Release;
		};
/* End XCConfigurationList section */
	};
	rootObject = 652EEBEB1C51434F0025BE78 /* Project object */;
}
